PODS:
  - Realm (5.4.2):
    - Realm/Headers (= 5.4.2)
  - Realm/Headers (5.4.2)
  - RealmSwift (5.4.2):
    - Realm (= 5.4.2)

DEPENDENCIES:
  - RealmSwift

SPEC REPOS:
  trunk:
    - Realm
    - RealmSwift

SPEC CHECKSUMS:
  Realm: ced868eb0254f8d33a21c06981355e5aa33bc005
  RealmSwift: aedc4363150f3c61f91ae0537ed116d2d080a4dd

PODFILE CHECKSUM: 12ef082f0ad22d59907ebf3e956b3eb2cf2d489e

COCOAPODS: 1.8.4
